
Microsoft Visual Studio Solution File, Format Version 12.00
# Visual Studio 15
VisualStudioVersion = 15.0.27004.2008
MinimumVisualStudioVersion = 10.0.40219.1
Project("{FAE04EC0-301F-11D3-BF4B-00C04F79EFBC}") = "ComicBookGallery", "ComicBookGallery\ComicBookGallery.csproj", "{962FFBA6-57FB-4E88-9789-09CF23C69323}"
EndProject
Global
	GlobalSection(SolutionConfigurationPlatforms) = preSolution
		Debug|Any CPU = Debug|Any CPU
		Release|Any CPU = Release|Any CPU
	EndGlobalSection
	GlobalSection(ProjectConfigurationPlatforms) = postSolution
		{962FFBA6-57FB-4E88-9789-09CF23C69323}.Debug|Any CPU.ActiveCfg = Debug|Any CPU
		{962FFBA6-57FB-4E88-9789-09CF23C69323}.Debug|Any CPU.Build.0 = Debug|Any CPU
		{962FFBA6-57FB-4E88-9789-09CF23C69323}.Release|Any CPU.ActiveCfg = Release|Any CPU
		{962FFBA6-57FB-4E88-9789-09CF23C69323}.Release|Any CPU.Build.0 = Release|Any CPU
	EndGlobalSection
	GlobalSection(SolutionProperties) = preSolution
		HideSolutionNode = FALSE
	EndGlobalSection
	GlobalSection(ExtensibilityGlobals) = postSolution
		SolutionGuid = {5BA9DB46-4D0F-4E9B-8CC1-BC978FF9E4C7}
	EndGlobalSection
EndGlobal
